
Microsoft Visual Studio Solution File, Format Version 12.00
# Visual Studio Version 17
VisualStudioVersion = 17.14.37531.7 d17.14
MinimumVisualStudioVersion = 10.0.40219.1
Project("{2150E333-8FDC-42A3-9474-1A3956D46DE8}") = "src", "src", "{02EA681E-C7D8-13C7-8484-4AC65E1B71E8}"
EndProject
Project("{2150E333-8FDC-42A3-9474-1A3956D46DE8}") = "shared", "shared", "{BC26E7DA-E3C9-4758-B5FE-832B0E417B91}"
EndProject
Project("{2150E333-8FDC-42A3-9474-1A3956D46DE8}") = "order-service", "order-service", "{C19B6C66-F262-4B86-BAAB-383C4027DA6E}"
EndProject
Project("{2150E333-8FDC-42A3-9474-1A3956D46DE8}") = "consumers", "consumers", "{E795FDE0-7CA7-4480-9937-463AD6308B6E}"
EndProject
Project("{2150E333-8FDC-42A3-9474-1A3956D46DE8}") = "integration-service", "integration-service", "{124267AC-D9B6-43C2-90E5-1D06527AA890}"
EndProject
Project("{FAE04EC0-301F-11D3-BF4B-00C04F79EFBC}") = "receivers", "src\consumers\Client\receivers.csproj", "{32380B45-EC39-4DB3-9678-249C5E50BB48}"
EndProject
Project("{FAE04EC0-301F-11D3-BF4B-00C04F79EFBC}") = "Broker", "src\integration-service\Broker\Broker.csproj", "{B6DC3F47-1D06-4CA2-B783-A7D63FB303A2}"
EndProject
Project("{FAE04EC0-301F-11D3-BF4B-00C04F79EFBC}") = "providers", "src\order-service\previders\providers.csproj", "{17619407-8E6E-4C7E-97A6-C251132BD0BF}"
EndProject
Project("{FAE04EC0-301F-11D3-BF4B-00C04F79EFBC}") = "shared", "src\shared\shared\shared.csproj", "{418B41D8-C77F-485A-BFD6-597AC5DB3BDC}"
EndProject
Global
	GlobalSection(SolutionConfigurationPlatforms) = preSolution
		Debug|Any CPU = Debug|Any CPU
		Release|Any CPU = Release|Any CPU
	EndGlobalSection
	GlobalSection(ProjectConfigurationPlatforms) = postSolution
		{32380B45-EC39-4DB3-9678-249C5E50BB48}.Debug|Any CPU.ActiveCfg = Debug|Any CPU
		{32380B45-EC39-4DB3-9678-249C5E50BB48}.Debug|Any CPU.Build.0 = Debug|Any CPU
		{32380B45-EC39-4DB3-9678-249C5E50BB48}.Release|Any CPU.ActiveCfg = Release|Any CPU
		{32380B45-EC39-4DB3-9678-249C5E50BB48}.Release|Any CPU.Build.0 = Release|Any CPU
		{B6DC3F47-1D06-4CA2-B783-A7D63FB303A2}.Debug|Any CPU.ActiveCfg = Debug|Any CPU
		{B6DC3F47-1D06-4CA2-B783-A7D63FB303A2}.Debug|Any CPU.Build.0 = Debug|Any CPU
		{B6DC3F47-1D06-4CA2-B783-A7D63FB303A2}.Release|Any CPU.ActiveCfg = Release|Any CPU
		{B6DC3F47-1D06-4CA2-B783-A7D63FB303A2}.Release|Any CPU.Build.0 = Release|Any CPU
		{17619407-8E6E-4C7E-97A6-C251132BD0BF}.Debug|Any CPU.ActiveCfg = Debug|Any CPU
		{17619407-8E6E-4C7E-97A6-C251132BD0BF}.Debug|Any CPU.Build.0 = Debug|Any CPU
		{17619407-8E6E-4C7E-97A6-C251132BD0BF}.Release|Any CPU.ActiveCfg = Release|Any CPU
		{17619407-8E6E-4C7E-97A6-C251132BD0BF}.Release|Any CPU.Build.0 = Release|Any CPU
		{418B41D8-C77F-485A-BFD6-597AC5DB3BDC}.Debug|Any CPU.ActiveCfg = Debug|Any CPU
		{418B41D8-C77F-485A-BFD6-597AC5DB3BDC}.Debug|Any CPU.Build.0 = Debug|Any CPU
		{418B41D8-C77F-485A-BFD6-597AC5DB3BDC}.Release|Any CPU.ActiveCfg = Release|Any CPU
		{418B41D8-C77F-485A-BFD6-597AC5DB3BDC}.Release|Any CPU.Build.0 = Release|Any CPU
	EndGlobalSection
	GlobalSection(SolutionProperties) = preSolution
		HideSolutionNode = FALSE
	EndGlobalSection
	GlobalSection(NestedProjects) = preSolution
		{BC26E7DA-E3C9-4758-B5FE-832B0E417B91} = {02EA681E-C7D8-13C7-8484-4AC65E1B71E8}
		{C19B6C66-F262-4B86-BAAB-383C4027DA6E} = {02EA681E-C7D8-13C7-8484-4AC65E1B71E8}
		{E795FDE0-7CA7-4480-9937-463AD6308B6E} = {02EA681E-C7D8-13C7-8484-4AC65E1B71E8}
		{124267AC-D9B6-43C2-90E5-1D06527AA890} = {02EA681E-C7D8-13C7-8484-4AC65E1B71E8}
		{32380B45-EC39-4DB3-9678-249C5E50BB48} = {E795FDE0-7CA7-4480-9937-463AD6308B6E}
		{B6DC3F47-1D06-4CA2-B783-A7D63FB303A2} = {124267AC-D9B6-43C2-90E5-1D06527AA890}
		{17619407-8E6E-4C7E-97A6-C251132BD0BF} = {C19B6C66-F262-4B86-BAAB-383C4027DA6E}
		{418B41D8-C77F-485A-BFD6-597AC5DB3BDC} = {BC26E7DA-E3C9-4758-B5FE-832B0E417B91}
	EndGlobalSection
	GlobalSection(ExtensibilityGlobals) = postSolution
		SolutionGuid = {3CD02479-DD25-4FAD-AB70-640AC6DCB2EB}
	EndGlobalSection
EndGlobal
